{
  "lockfileVersion": 1,
  "configVersion": 1,
  "workspaces": {
    "": {
      "name": "treaty-query",
      "devDependencies": {
        "@elysiajs/eden": "1.4.9",
        "@happy-dom/global-registrator": "20.11.2",
        "@tanstack/react-query": "5.101.4",
        "@tanstack/react-router": "^1.170.27",
        "@testing-library/react": "16.3.2",
        "@types/bun": "1.3.5",
        "@types/react": "19.2.17",
        "@types/react-dom": "19.2.4",
        "elysia": "1.4.29",
        "happy-dom": "20.11.2",
        "react": "19.2.8",
        "react-dom": "19.2.8",
        "tsdown": "0.22.14",
        "typescript": "5.9.2",
      },
      "peerDependencies": {
        "@elysiajs/eden": "^1.4.9",
        "@tanstack/react-query": "^5.101.4",
        "elysia": ">=1.4.19 <2",
        "react": "^18.0.0 || ^19.0.0",
      },
    },
  },
  "packages": {
    "@babel/code-frame": ["@babel/code-frame@7.29.7", "", { "dependencies": { "@babel/helper-validator-identifier": "^7.29.7", "js-tokens": "^4.0.0", "picocolors": "^1.1.1" } }, "sha512-Aup7aUOfpbAUg2ROOJN6Iw5f9DMBlzu0mIkm/malLQFN/YQgO48wCj0Kxa3sEHJvPVFg7siR+qRInwXd2qhQKw=="],

    "@babel/helper-validator-identifier": ["@babel/helper-validator-identifier@7.29.7", "", {}, "sha512-qehxGkRj55h/ff8EMaJ+cYhyaKlHIxqYDn682wQD7RNp9UujOQsHog2uS0r2vzr4pW+sXf90NeeayjcNaX3fFg=="],

    "@babel/runtime": ["@babel/runtime@7.29.7", "", {}, "sha512-Nq8OhGWiZIZGV6hLHoyAKLLcJihP/xFeBMGJoUrxTX2psI8dCifzLhZISFb+VWS3wFMRDmCGw5R+dOySCqPLhw=="],

    "@borewit/text-codec": ["@borewit/text-codec@0.2.2", "", {}, "sha512-DDaRehssg1aNrH4+2hnj1B7vnUGEjU6OIlyRdkMd0aUdIUvKXrJfXsy8LVtXAy7DRvYVluWbMspsRhz2lcW0mQ=="],

    "@elysiajs/eden": ["@elysiajs/eden@1.4.9", "", { "peerDependencies": { "elysia": ">=1.4.19" } }, "sha512-3CKVD4ycVjB8nCNssfmhnUuq3SzSHkUES3v5PNCFr9LxIrx39/HVRAZ8z2sLxrFqzUs48dCBZaxoZzJ5UUVHDA=="],

    "@happy-dom/global-registrator": ["@happy-dom/global-registrator@20.11.2", "", { "dependencies": { "@types/node": ">=20.0.0", "happy-dom": "^20.11.2" } }, "sha512-7fkpoXZWzyxaBkzRtlD0wRU5ckxbNT4j6BywzpSYh+SFPsGxEVmNR9KHaMwM2xkHB0pADQLl4Z8DSrztECJ7Ww=="],

    "@oxc-project/types": ["@oxc-project/types@0.144.0", "", {}, "sha512-nuhZIOLuI6TFQ32I/WnUx+SCPY7SdSKwgnFHydAuoS1+Z4BRcaP+RRJmGzl9lw+0OFF7UmaESf7KQRXaNLHypg=="],

    "@quansync/fs": ["@quansync/fs@1.0.0", "", { "dependencies": { "quansync": "^1.0.0" } }, "sha512-4TJ3DFtlf1L5LDMaM6CanJ/0lckGNtJcMjQ1NAV6zDmA0tEHKZtxNKin8EgPaVX1YzljbxckyT2tJrpQKAtngQ=="],

    "@rolldown/binding-android-arm64": ["@rolldown/binding-android-arm64@1.2.4", "", { "os": "android", "cpu": "arm64" }, "sha512-jHC2cnyKz5xU2fhECtFl8OZ83cYNt13GZQD+0uMJ/X3o+ijmd56okHhTUwxVSHPx1IRVIJEZ1/1pPzeLCU6XKA=="],

    "@rolldown/binding-darwin-arm64": ["@rolldown/binding-darwin-arm64@1.2.4", "", { "os": "darwin", "cpu": "arm64" }, "sha512-Dc5mPD8F5F/FS8i01syd7FTF6yB2fVthH/TRkjwJkzUK6EpoxHtqvZQP5Zwq80/5z19TWYHIg1KOHboCgVx/aQ=="],

    "@rolldown/binding-darwin-x64": ["@rolldown/binding-darwin-x64@1.2.4", "", { "os": "darwin", "cpu": "x64" }, "sha512-fpDm4oBo6SqLvWUYCmFhdde3U9KH2fRNNMeAnAPAIwxRL345xutL0EtEUcuoxsoazdJGv/MuDBQHlCDrtbvqOg=="],

    "@rolldown/binding-freebsd-x64": ["@rolldown/binding-freebsd-x64@1.2.4", "", { "os": "freebsd", "cpu": "x64" }, "sha512-rSJoreDE/HoIzoaib6MTp5jQtCTdMHKIvItAKT/ImS6Y6Ww76oUaeMyp4Vc/fAgd/ehji068IxetHXAnqUwN9A=="],

    "@rolldown/binding-linux-arm-gnueabihf": ["@rolldown/binding-linux-arm-gnueabihf@1.2.4", "", { "os": "linux", "cpu": "arm" }, "sha512-/jm8OGHgn7oGaJu3i/qZI9spUGcJ+y/lk43ttQ/iO1tOd9NissG6o97bighBCiL+BKRngmcDuR6ikfwYdJmVuQ=="],

    "@rolldown/binding-linux-arm64-gnu": ["@rolldown/binding-linux-arm64-gnu@1.2.4", "", { "os": "linux", "cpu": "arm64" }, "sha512-tIP06BeD9EqvECBrPZ+sqdPlYrT+aYaAiu1wYziVx5elRK/ftm33JxVDy2bXGbr6J0CrtirCkR87/X5a2euEng=="],

    "@rolldown/binding-linux-arm64-musl": ["@rolldown/binding-linux-arm64-musl@1.2.4", "", { "os": "linux", "cpu": "arm64" }, "sha512-Ql1Q0EQqVThvn9VAVlwNzsUvbSFtCMGjLpRRi4pk5i7NZZ4n5ISiLMjHYtus4VQ2PvkSw24zyaCVsiS+sXPj1w=="],

    "@rolldown/binding-linux-ppc64-gnu": ["@rolldown/binding-linux-ppc64-gnu@1.2.4", "", { "os": "linux", "cpu": "ppc64" }, "sha512-GjbjXD4XXfN19D0LZNbmiCBUoDiRACsYHr0yaIbbn8aFsXjHZifcYqu/W5Er5X2X990WjHXFrxarn5chzItorQ=="],

    "@rolldown/binding-linux-s390x-gnu": ["@rolldown/binding-linux-s390x-gnu@1.2.4", "", { "os": "linux", "cpu": "s390x" }, "sha512-p5WR0NOwaRmJ/B1b6IjEFLLivwEsf3PrdBIhRbhTCQisbo2SvHHpG4ELB/+FgQNnB88LTOF86upmJmbvZdQ2lw=="],

    "@rolldown/binding-linux-x64-gnu": ["@rolldown/binding-linux-x64-gnu@1.2.4", "", { "os": "linux", "cpu": "x64" }, "sha512-4/GyVjmhR+Tc6HLJvwc1sOhPqAZtySiSMesOZyX6JQ5XBxoTDEMKQzvo07NIK6nTon/SivlZqvhzvuVBNQhObQ=="],

    "@rolldown/binding-linux-x64-musl": ["@rolldown/binding-linux-x64-musl@1.2.4", "", { "os": "linux", "cpu": "x64" }, "sha512-l9eeLsCNvPpmSXUej0etw/J1eqV0Jj1D5G/xG6YTijmE6dkv6E2QezgWbTfQk63v952DPqrjOCoiqxq7Bw0YUQ=="],

    "@rolldown/binding-openharmony-arm64": ["@rolldown/binding-openharmony-arm64@1.2.4", "", { "os": "none", "cpu": "arm64" }, "sha512-e0F355MSTMm3+UOqtV3L24gFUp2N5m1f8L/7d56deik6va+AXdrt9F8LbzGpeWGWRbZEDq4m8NVnJDeBtf9DZg=="],

    "@rolldown/binding-win32-arm64-msvc": ["@rolldown/binding-win32-arm64-msvc@1.2.4", "", { "os": "win32", "cpu": "arm64" }, "sha512-AWLi0uBRYh6QlE7OKhiz+phZC0qwtij2QZmhmOdsLdFn64m7oMpooE9ICE3lhm9xMb4SpDo2WbHcxX1iFLFtqw=="],

    "@rolldown/binding-win32-x64-msvc": ["@rolldown/binding-win32-x64-msvc@1.2.4", "", { "os": "win32", "cpu": "x64" }, "sha512-UwSDJOg3dqCAejWdxclJjCsh3Qq4vLYMDxmyHqo1btz3stK2VqgwNd3mm5tuIwzSlGIQ/1H9Hr+Zn09mrezNqQ=="],

    "@rolldown/pluginutils": ["@rolldown/pluginutils@1.0.1", "", {}, "sha512-2j9bGt5Jh8hj+vPtgzPtl72j0yRxHAyumoo6TNfAjsLB04UtpSvPbPcDcBMxz7n+9CYB0c1GxQFxYRg2jimqGw=="],

    "@sinclair/typebox": ["@sinclair/typebox@0.34.52", "", {}, "sha512-XiMQh7qqVlxZzcVD+kkGMNGMzcTrDMLWI7S4x7z1MkCkbDPrekpZXEUK0eZqZFMuHQg2a2DZOcDIh9o5v3Gonw=="],

    "@tanstack/history": ["@tanstack/history@1.162.1", "", {}, "sha512-DR9t6lfLVdrjgCwpglrR9DR7Ok8/HlXjcOE+goWXF3zyuLUO/ug7vMbSFxTqrQTtbRghJfyhmIZ0S6LhPIy44w=="],

    "@tanstack/query-core": ["@tanstack/query-core@5.101.4", "", {}, "sha512-gNwcvOJcRbLWPOLG/2OBm+zM+Yv+MKsXKEOWC57USuZDEsI71hEErQsiEGx5wX9rzWWkfwM0fVSPoiIFSsxfiw=="],

    "@tanstack/react-query": ["@tanstack/react-query@5.101.4", "", { "dependencies": { "@tanstack/query-core": "5.101.4" }, "peerDependencies": { "react": "^18 || ^19" } }, "sha512-yRg2pfOCxIs4ZJW3XYYHU/WgtD04FHSnfHlpRT7h7pR77hwkdRG4wxbKe4aq6P0RvXUTBSQpQeadS1SUYUe+KA=="],

    "@tanstack/react-router": ["@tanstack/react-router@1.170.27", "", { "dependencies": { "@tanstack/history": "1.162.1", "@tanstack/react-store": "^0.9.3", "@tanstack/router-core": "1.171.22", "isbot": "^5.1.22" }, "peerDependencies": { "react": ">=18.0.0 || >=19.0.0", "react-dom": ">=18.0.0 || >=19.0.0" } }, "sha512-Hxl49xzd8ffWd2ZMigqfXZmpySpixWGvjq5zfh2nK2DbzzDH6IGVh+iUuwarK9MJNcnhWPZ85tOoy6o/OmNlww=="],

    "@tanstack/react-store": ["@tanstack/react-store@0.9.3", "", { "dependencies": { "@tanstack/store": "0.9.3", "use-sync-external-store": "^1.6.0" }, "peerDependencies": { "react": "^16.8.0 || ^17.0.0 || ^18.0.0 || ^19.0.0", "react-dom": "^16.8.0 || ^17.0.0 || ^18.0.0 || ^19.0.0" } }, "sha512-y2iHd/N9OkoQbFJLUX1T9vbc2O9tjH0pQRgTcx1/Nz4IlwLvkgpuglXUx+mXt0g5ZDFrEeDnONPqkbfxXJKwRg=="],

    "@tanstack/router-core": ["@tanstack/router-core@1.171.22", "", { "dependencies": { "@tanstack/history": "1.162.1", "cookie-es": "^3.0.0", "seroval": "^1.6.2", "seroval-plugins": "^1.6.2" } }, "sha512-sitsuRkz4qpTjIAV97S5zFCoeGv0OFd6+VWg3ZcIlQbi5R4NIXfz6ogg51n5w6rvTwSODz/lKWb5dl5tvh2bQw=="],

    "@tanstack/store": ["@tanstack/store@0.9.3", "", {}, "sha512-8reSzl/qGWGGVKhBoxXPMWzATSbZLZFWhwBAFO9NAyp0TxzfBP0mIrGb8CP8KrQTmvzXlR/vFPPUrHTLBGyFyw=="],

    "@testing-library/dom": ["@testing-library/dom@10.4.1", "", { "dependencies": { "@babel/code-frame": "^7.10.4", "@babel/runtime": "^7.12.5", "@types/aria-query": "^5.0.1", "aria-query": "5.3.0", "dom-accessibility-api": "^0.5.9", "lz-string": "^1.5.0", "picocolors": "1.1.1", "pretty-format": "^27.0.2" } }, "sha512-o4PXJQidqJl82ckFaXUeoAW+XysPLauYI43Abki5hABd853iMhitooc6znOnczgbTYmEP6U6/y1ZyKAIsvMKGg=="],

    "@testing-library/react": ["@testing-library/react@16.3.2", "", { "dependencies": { "@babel/runtime": "^7.12.5" }, "peerDependencies": { "@testing-library/dom": "^10.0.0", "@types/react": "^18.0.0 || ^19.0.0", "@types/react-dom": "^18.0.0 || ^19.0.0", "react": "^18.0.0 || ^19.0.0", "react-dom": "^18.0.0 || ^19.0.0" }, "optionalPeers": ["@types/react", "@types/react-dom"] }, "sha512-XU5/SytQM+ykqMnAnvB2umaJNIOsLF3PVv//1Ew4CTcpz0/BRyy/af40qqrt7SjKpDdT1saBMc42CUok5gaw+g=="],

    "@tokenizer/inflate": ["@tokenizer/inflate@0.4.1", "", { "dependencies": { "debug": "^4.4.3", "token-types": "^6.1.1" } }, "sha512-2mAv+8pkG6GIZiF1kNg1jAjh27IDxEPKwdGul3snfztFerfPGI1LjDezZp3i7BElXompqEtPmoPx6c2wgtWsOA=="],

    "@tokenizer/token": ["@tokenizer/token@0.3.0", "", {}, "sha512-OvjF+z51L3ov0OyAU0duzsYuvO01PH7x4t6DJx+guahgTnBHkhJdG7soQeTSFLWN3efnHyibZ4Z8l2EuWwJN3A=="],

    "@types/aria-query": ["@types/aria-query@5.0.4", "", {}, "sha512-rfT93uj5s0PRL7EzccGMs3brplhcrghnDoV26NqKhCAS1hVo+WdNsPvE/yb6ilfr5hi2MEk6d5EWJTKdxg8jVw=="],

    "@types/bun": ["@types/bun@1.3.5", "", { "dependencies": { "bun-types": "1.3.5" } }, "sha512-RnygCqNrd3srIPEWBd5LFeUYG7plCoH2Yw9WaZGyNmdTEei+gWaHqydbaIRkIkcbXwhBT94q78QljxN0Sk838w=="],

    "@types/node": ["@types/node@26.2.0", "", { "dependencies": { "undici-types": "~8.3.0" } }, "sha512-5IviulTZeRNp2vAJ514cc/HUlY5nZ9fCbq9DMyC52BrhFZACo3nI0R7qBxhQmo/d27NFe96ur/b7Wwxklda+kg=="],

    "@types/react": ["@types/react@19.2.17", "", { "dependencies": { "csstype": "^3.2.2" } }, "sha512-MXfmqaVPEVgkBT/aY0aGCkRWWtByiYQXo3xdQ8r5RzuFrPiRn8Gar2tQdXSUQ2GKV3bkXckek89V8wQBY2Q/Aw=="],

    "@types/react-dom": ["@types/react-dom@19.2.4", "", { "peerDependencies": { "@types/react": "^19.2.0" } }, "sha512-Bsc+QHgp+P/F02XDzNCY9jnZNCUuLki36KT7VKrTXXLdHf+vHMNZnW1rVu5DNW/rCK+fya3DATySbLM4yhtKUw=="],

    "@types/whatwg-mimetype": ["@types/whatwg-mimetype@3.0.2", "", {}, "sha512-c2AKvDT8ToxLIOUlN51gTiHXflsfIFisS4pO7pDPoKouJCESkhZnEy623gwP9laCy5lnLDAw1vAzu2vM2YLOrA=="],

    "@types/ws": ["@types/ws@8.18.1", "", { "dependencies": { "@types/node": "*" } }, "sha512-ThVF6DCVhA8kUGy+aazFQ4kXQ7E1Ty7A3ypFOe0IcJV8O/M511G99AW24irKrW56Wt44yG9+ij8FaqoBGkuBXg=="],

    "@yuku-codegen/binding-android-arm64": ["@yuku-codegen/binding-android-arm64@0.8.5", "", { "os": "android", "cpu": "arm64" }, "sha512-+oEBxK35kdbskhxozjZhI8N6qrMOfphpIkXnqBj6N2DC08rdkg10MUMRNKZLBNU6uNyoYiLcLyCE6aFV2sfMKw=="],

    "@yuku-codegen/binding-darwin-arm64": ["@yuku-codegen/binding-darwin-arm64@0.8.5", "", { "os": "darwin", "cpu": "arm64" }, "sha512-+U2LBCJbQH24dFLAM0kmij/fOVHHWqWTMuaCavRKDE9rBz/a46tNsuYN87p+nFt5V4MECM7t5RSLCNkYzBmE+Q=="],

    "@yuku-codegen/binding-darwin-x64": ["@yuku-codegen/binding-darwin-x64@0.8.5", "", { "os": "darwin", "cpu": "x64" }, "sha512-STctF8lSW+XhRvPupHktesqV0pk61SEZOwZTuDTZD/nPZsBsOPnD+X1hODioeoXMHn7bTkQKefOn4y6NyBOnoQ=="],

    "@yuku-codegen/binding-freebsd-x64": ["@yuku-codegen/binding-freebsd-x64@0.8.5", "", { "os": "freebsd", "cpu": "x64" }, "sha512-cQRu/g1LjMnso08GhiFQHrzLdczNiJ1IikpStJRC1RnKHGdZRGAWrfuJx1/j0Nwow0z9PrBf/rb3x85MRGSAQQ=="],

    "@yuku-codegen/binding-linux-arm-gnu": ["@yuku-codegen/binding-linux-arm-gnu@0.8.5", "", { "os": "linux", "cpu": "arm" }, "sha512-069wu3iLZzw0vMC3p4SECvA0MVyglOw5jTeKL99yfC1k89qA6PvKJDn3Ty6Z/2D9Ci0lAIjRDdicNqVpNCFyfg=="],

    "@yuku-codegen/binding-linux-arm-musl": ["@yuku-codegen/binding-linux-arm-musl@0.8.5", "", { "os": "linux", "cpu": "arm" }, "sha512-g7GhzWR1EmK4BLZfVXJGzhpzNqgF8WhblU/oFZBvR+d747TmBslShqzdJAmaS1gJ1ydmQfyO94Zyias8pLUe5Q=="],

    "@yuku-codegen/binding-linux-arm64-gnu": ["@yuku-codegen/binding-linux-arm64-gnu@0.8.5", "", { "os": "linux", "cpu": "arm64" }, "sha512-moIvcAsAmgehTqvj3aBo97mAzx+4VGZudXsWvZTRfFs4qgg+iSdzrV8wMWURHslQkFDXKvt1DzMxGNZZxjz5yQ=="],

    "@yuku-codegen/binding-linux-arm64-musl": ["@yuku-codegen/binding-linux-arm64-musl@0.8.5", "", { "os": "linux", "cpu": "arm64" }, "sha512-w6sQZ5nlSYFPsz9FQ2a9oWxY/1cLi7C73qydLCqxYnB0EuDsrwZrKHw2FF/DXJr6qH7x2x+SmSFoVtaadLkhhg=="],

    "@yuku-codegen/binding-linux-x64-gnu": ["@yuku-codegen/binding-linux-x64-gnu@0.8.5", "", { "os": "linux", "cpu": "x64" }, "sha512-R3bbB3RYuNu/aQcgCrwNRhKo/5zTLNyx+rklCzTrpESAbnZAwAU8cZqAe0CSXFDGQAPooWZDnmIGsq/L5aDUBQ=="],

    "@yuku-codegen/binding-linux-x64-musl": ["@yuku-codegen/binding-linux-x64-musl@0.8.5", "", { "os": "linux", "cpu": "x64" }, "sha512-E3tDaVRj9azS0GTzF2VpwkLLH1iqoadp2U1C2KDbUAtt1F4q5BBYzUv9/yI/4lmYzkrUSBG4e343tUwevm8u1w=="],

    "@yuku-codegen/binding-win32-arm64": ["@yuku-codegen/binding-win32-arm64@0.8.5", "", { "os": "win32", "cpu": "arm64" }, "sha512-zqy0Gu6StX8vN+J7i7J6HUjy6p+B+w7a3lLETlbmJLgphQTq3lKEt5zPAsNs/I5TU54xa3GaLobMM7EUqJvxZA=="],

    "@yuku-codegen/binding-win32-x64": ["@yuku-codegen/binding-win32-x64@0.8.5", "", { "os": "win32", "cpu": "x64" }, "sha512-2ASUq/tP4sFD6xlB7Nuz/v3ofhPlt122r6RNFjPAnQdxZUqerOCX4rTJkyYqYcnyiSVazyuSVWKOiJItyJGX1w=="],

    "@yuku-parser/binding-android-arm64": ["@yuku-parser/binding-android-arm64@0.8.5", "", { "os": "android", "cpu": "arm64" }, "sha512-BJtJvyf/Ma3v57uebPbe7VMUjNwTa3KW0fJn4awBBXyen8aS/i0gUbCDEsjGPY4GvAT41AggcYSep37V5VPENg=="],

    "@yuku-parser/binding-darwin-arm64": ["@yuku-parser/binding-darwin-arm64@0.8.5", "", { "os": "darwin", "cpu": "arm64" }, "sha512-CEzkjuxNjufVmSRlSm1qYGaoRpbp0g03saC8Tz6BesbmBUuP8MSqJa2BSskMbvYkRhKUN4OFCoPJ0XJf7ARTZQ=="],

    "@yuku-parser/binding-darwin-x64": ["@yuku-parser/binding-darwin-x64@0.8.5", "", { "os": "darwin", "cpu": "x64" }, "sha512-HS7wYfYUi3fTYNrzLNnZUia5DVo/Kf5NRmbh2rNVDKzMUEUfXI7xWdh0OOqIqYI3SsA5AcZOCI357uYb0+2B9Q=="],

    "@yuku-parser/binding-freebsd-x64": ["@yuku-parser/binding-freebsd-x64@0.8.5", "", { "os": "freebsd", "cpu": "x64" }, "sha512-Iq/XcdT3qjV+mxzb6hE4oSlst/+wrJxSsgKu3FkVkV1bxb0UfITfedws/wI356KVr+BM9CeamNkdbchHV4pJlw=="],

    "@yuku-parser/binding-linux-arm-gnu": ["@yuku-parser/binding-linux-arm-gnu@0.8.5", "", { "os": "linux", "cpu": "arm" }, "sha512-vbI/zeUdJEZ8BKUEfOD8ngtPR5/9XdONpRRosw73kOtA1GyipTF1rj75ozLHIVCEybdCB/GSlQ6OjjhuEAKrGA=="],

    "@yuku-parser/binding-linux-arm-musl": ["@yuku-parser/binding-linux-arm-musl@0.8.5", "", { "os": "linux", "cpu": "arm" }, "sha512-3K4kOkOxWbUKoRja+vn7Srn8Nyc66Fr66oFWO+pFA/0KpVtlIGpKY+/KL8QIQdM7swTh+82OVkuFKeFEweVFLg=="],

    "@yuku-parser/binding-linux-arm64-gnu": ["@yuku-parser/binding-linux-arm64-gnu@0.8.5", "", { "os": "linux", "cpu": "arm64" }, "sha512-aj2pI9eT3ZAj8mWrC+utYUJwyxSd6ozthHjJfGtcY3MnZuQ4qbO7wm15BMqDgCSrg7az3tnONy1ftVQTWV9inA=="],

    "@yuku-parser/binding-linux-arm64-musl": ["@yuku-parser/binding-linux-arm64-musl@0.8.5", "", { "os": "linux", "cpu": "arm64" }, "sha512-+T2buVRNtY0QwhUeo8t47HmEpgh7tXMx8htMEdT7O0HHv3eFitwvyuVSdYNOpxo52Sc/0wJ6F4UbZni75aD4Pg=="],

    "@yuku-parser/binding-linux-x64-gnu": ["@yuku-parser/binding-linux-x64-gnu@0.8.5", "", { "os": "linux", "cpu": "x64" }, "sha512-uIoy1uplNUqjq3GW6z+Ea8UCQkLKRPlM4FvqAhYMDwBazkVpE1mNvMqaQqf57ZP8mGTeOf4OF6CuUlenR2ttqg=="],

    "@yuku-parser/binding-linux-x64-musl": ["@yuku-parser/binding-linux-x64-musl@0.8.5", "", { "os": "linux", "cpu": "x64" }, "sha512-27doVJjvYevPWcakDCpfgZfDAlyhfyY3BwHf5TKtponCrSYBMzrBpD8ChYB1M7B6YOm0M5U9kEA0k1sB6CD4Ow=="],

    "@yuku-parser/binding-win32-arm64": ["@yuku-parser/binding-win32-arm64@0.8.5", "", { "os": "win32", "cpu": "arm64" }, "sha512-UIlSKhOLWZUQyDVQzYWAkHQGWnwNw5IxR/YYT2UCy64HLMQGGIxhb3qa/7Rf6yki50FrLx1O9PWgBKXCq7Zxxg=="],

    "@yuku-parser/binding-win32-x64": ["@yuku-parser/binding-win32-x64@0.8.5", "", { "os": "win32", "cpu": "x64" }, "sha512-helhS0Pt0TwsW9Z5L3V5o27qrnTrmaUTgSpymVUJYlZJgW6Nagk7nS5P3Ez4b1OZXMwc5y5CR6m1niuzL/yYfQ=="],

    "@yuku-toolchain/types": ["@yuku-toolchain/types@0.8.5", "", {}, "sha512-ELNzrhwfi9+VCTaj6QcLCb5MlUK6pmVqPqH8bBmer1FTHvgEITnpwB73L/Wx5KKPPVWAokfeeU9V2rJy/9kMlg=="],

    "ansi-regex": ["ansi-regex@5.0.1", "", {}, "sha512-quJQXlTSUGL2LH9SUXo8VwsY4soanhgo6LNSm84E1LBcE8s3O0wpdiRzyR9z/ZZJMlMWv37qOOb9pdJlMUEKFQ=="],

    "ansi-styles": ["ansi-styles@5.2.0", "", {}, "sha512-Cxwpt2SfTzTtXcfOlzGEee8O+c+MmUgGrNiBcXnuWxuFJHe6a5Hz7qwhwe5OgaSYI0IJvkLqWX1ASG+cJOkEiA=="],

    "ansis": ["ansis@4.3.1", "", {}, "sha512-BJ8/l4R5LRE7hW9WdSuGYrLSHi2ynxeFpDFbH0K/CgNeY/tyhk+vO6TYxXC5r5CpUhNVX310xzPsN/H9lCdfOA=="],

    "aria-query": ["aria-query@5.3.0", "", { "dependencies": { "dequal": "^2.0.3" } }, "sha512-b0P0sZPKtyu8HkeRAfCq0IfURZK+SuwMjY1UXGBU27wpAiTwQAIlq56IbIO+ytk/JjS1fMR14ee5WBBfKi5J6A=="],

    "buffer-image-size": ["buffer-image-size@0.6.4", "", { "dependencies": { "@types/node": "*" } }, "sha512-nEh+kZOPY1w+gcCMobZ6ETUp9WfibndnosbpwB1iJk/8Gt5ZF2bhS6+B6bPYz424KtwsR6Rflc3tCz1/ghX2dQ=="],

    "bun-types": ["bun-types@1.3.5", "", { "dependencies": { "@types/node": "*" } }, "sha512-inmAYe2PFLs0SUbFOWSVD24sg1jFlMPxOjOSSCYqUgn4Hsc3rDc7dFvfVYjFPNHtov6kgUeulV4SxbuIV/stPw=="],

    "cac": ["cac@7.0.0", "", {}, "sha512-tixWYgm5ZoOD+3g6UTea91eow5z6AAHaho3g0V9CNSNb45gM8SmflpAc+GRd1InC4AqN/07Unrgp56Y94N9hJQ=="],

    "cookie": ["cookie@1.1.1", "", {}, "sha512-ei8Aos7ja0weRpFzJnEA9UHJ/7XQmqglbRwnf2ATjcB9Wq874VKH9kfjjirM6UhU2/E5fFYadylyhFldcqSidQ=="],

    "cookie-es": ["cookie-es@3.1.1", "", {}, "sha512-UaXxwISYJPTr9hwQxMFYZ7kNhSXboMXP+Z3TRX6f1/NyaGPfuNUZOWP1pUEb75B2HjfklIYLVRfWiFZJyC6Npg=="],

    "csstype": ["csstype@3.2.3", "", {}, "sha512-z1HGKcYy2xA8AGQfwrn0PAy+PB7X/GSj3UVJW9qKyn43xWa+gl5nXmU4qqLMRzWVLFC8KusUX8T/0kCiOYpAIQ=="],

    "debug": ["debug@4.4.3", "", { "dependencies": { "ms": "^2.1.3" }, "peerDependencies": { "supports-color": "*" }, "optionalPeers": ["supports-color"] }, "sha512-RGwwWnwQvkVfavKVt22FGLw+xYSdzARwm0ru6DhTVA3umU5hZc28V3kO4stgYryrTlLpuvgI9GiijltAjNbcqA=="],

    "defu": ["defu@6.1.7", "", {}, "sha512-7z22QmUWiQ/2d0KkdYmANbRUVABpZ9SNYyH5vx6PZ+nE5bcC0l7uFvEfHlyld/HcGBFTL536ClDt3DEcSlEJAQ=="],

    "dequal": ["dequal@2.0.3", "", {}, "sha512-0je+qPKHEMohvfRTCEo3CrPG6cAzAYgmzKyxRiYSSDkS6eGJdyVJm7WaYA5ECaAD9wLB2T4EEeymA5aFVcYXCA=="],

    "dom-accessibility-api": ["dom-accessibility-api@0.5.16", "", {}, "sha512-X7BJ2yElsnOJ30pZF4uIIDfBEVgF4XEBxL9Bxhy6dnrm5hkzqmsWHGTiHqRiITNhMyFLyAiWndIJP7Z1NTteDg=="],

    "dts-resolver": ["dts-resolver@3.0.0", "", { "peerDependencies": { "oxc-resolver": ">=11.0.0" }, "optionalPeers": ["oxc-resolver"] }, "sha512-1T1f+z+4tl9XD+m+0HBgWoL/nm0bOIffyWaUuUSBlFg/86IWvfx+wjNaO/ybU0AJzG9/Mi5hBUgGV6zCmWEN7Q=="],

    "elysia": ["elysia@1.4.29", "", { "dependencies": { "cookie": "^1.1.1", "exact-mirror": "^0.2.7", "fast-decode-uri-component": "^1.0.1", "memoirist": "^0.4.0" }, "peerDependencies": { "@sinclair/typebox": ">= 0.34.0 < 1", "@types/bun": ">= 1.2.0", "file-type": ">= 20.0.0", "openapi-types": ">= 12.0.0", "typescript": ">= 5.0.0" }, "optionalPeers": ["@types/bun", "typescript"] }, "sha512-GwMRGGwSdjfPt+w3LA0fqTuYJtS8uVRJicvoar98/HrO5qdFKDc9CwjIb6Kja+v39lkY+58hr2JvdR9jQzlUuA=="],

    "empathic": ["empathic@2.0.1", "", {}, "sha512-YGRs8knHhKHVShLkFET/rWAU8kmHbOV5LwN938RHI0pljAJ1Gf6SzXsSmRaEzcXTtOOmVqJ5+WtQPL5uigY50Q=="],

    "entities": ["entities@7.0.1", "", {}, "sha512-TWrgLOFUQTH994YUyl1yT4uyavY5nNB5muff+RtWaqNVCAK408b5ZnnbNAUEWLTCpum9w6arT70i1XdQ4UeOPA=="],

    "exact-mirror": ["exact-mirror@0.2.7", "", { "peerDependencies": { "@sinclair/typebox": "^0.34.15" }, "optionalPeers": ["@sinclair/typebox"] }, "sha512-+MeEmDcLA4o/vjK2zujgk+1VTxPR4hdp23qLqkWfStbECtAq9gmsvQa3LW6z/0GXZyHJobrCnmy1cdeE7BjsYg=="],

    "fast-decode-uri-component": ["fast-decode-uri-component@1.0.1", "", {}, "sha512-WKgKWg5eUxvRZGwW8FvfbaH7AXSh2cL+3j5fMGzUMCxWBJ3dV3a7Wz8y2f/uQ0e3B6WmodD3oS54jTQ9HVTIIg=="],

    "fdir": ["fdir@6.5.0", "", { "peerDependencies": { "picomatch": "^3 || ^4" }, "optionalPeers": ["picomatch"] }, "sha512-tIbYtZbucOs0BRGqPJkshJUYdL+SDH7dVM8gjy+ERp3WAUjLEFJE+02kanyHtwjWOnwrKYBiwAmM0p4kLJAnXg=="],

    "file-type": ["file-type@22.0.1", "", { "dependencies": { "@tokenizer/inflate": "^0.4.1", "strtok3": "^10.3.5", "token-types": "^6.1.2", "uint8array-extras": "^1.5.0" } }, "sha512-ww5Mhre0EE+jmBvOXTmXAbEMuZE7uX4a3+oRCQFNj8w++g3ev913N6tXQz0XTXbueQ5TWQfm6BdaViEHHn8bhA=="],

    "get-tsconfig": ["get-tsconfig@5.0.0-beta.5", "", { "dependencies": { "resolve-pkg-maps": "^1.0.0" } }, "sha512-/6gFNr0N04nob252sTQxyFLi3eKFRqIg1I87YcqAMT1i6SQrSF6KujUEQrtrjMV0H/eejTCltLdDSTEMzHbnsQ=="],

    "happy-dom": ["happy-dom@20.11.2", "", { "dependencies": { "@types/node": ">=20.0.0", "@types/whatwg-mimetype": "^3.0.2", "@types/ws": "^8.18.1", "buffer-image-size": "^0.6.4", "entities": "^7.0.1", "whatwg-mimetype": "^3.0.0", "ws": "^8.21.0" } }, "sha512-7MB+bJLkxu3SowAfBJbjW+c55kNz5tkR45gu2qzrxznezhLeN5YIlJbwUgSzlGc+qWoZ8Ykg71H5ezz69xixrw=="],

    "hookable": ["hookable@6.1.1", "", {}, "sha512-U9LYDy1CwhMCnprUfeAZWZGByVbhd54hwepegYTK7Pi5NvqEj63ifz5z+xukznehT7i6NIZRu89Ay1AZmRsLEQ=="],

    "ieee754": ["ieee754@1.2.1", "", {}, "sha512-dcyqhDvX1C46lXZcVqCpK+FtMRQVdIMN6/Df5js2zouUsqG7I6sFxitIC+7KYK29KdXOLHdu9zL4sFnoVQnqaA=="],

    "import-without-cache": ["import-without-cache@0.4.0", "", {}, "sha512-NkJQA7oZ4YHQhd2+H3BoRFKF3d/XNsiKpHZCQEMH9pDX27hQQLsTyOocyRgaIVtf8gHX3Nt3LPkR4e5EdtPAGQ=="],

    "isbot": ["isbot@5.2.1", "", {}, "sha512-dJ+LpKyClQZ7NG+j3OensC/mAZkGpukE9YUrgPYvAZj2doVL0edfDgywTUh5CXa0o+nW9a1V9e5+CJTX8+SxRw=="],

    "js-tokens": ["js-tokens@4.0.0", "", {}, "sha512-RdJUflcE3cUzKiMqQgsCu06FPu9UdIJO0beYbPhHN4k6apgJtifcoCtT9bcxOpYBtpD2kCM6Sbzg4CausW/PKQ=="],

    "lz-string": ["lz-string@1.5.0", "", { "bin": { "lz-string": "bin/bin.js" } }, "sha512-h5bgJWpxJNswbU7qCrV0tIKQCaS3blPDrqKWx+QxzuzL1zGUzij9XCWLrSLsJPu5t+eWA/ycetzYAO5IOMcWAQ=="],

    "memoirist": ["memoirist@0.4.0", "", {}, "sha512-zxTgA0mSYELa66DimuNQDvyLq36AwDlTuVRbnQtB+VuTcKWm5Qc4z3WkSpgsFWHNhexqkIooqpv4hdcqrX5Nmg=="],

    "ms": ["ms@2.1.3", "", {}, "sha512-6FlzubTLZG3J2a/NVCAleEhjzq5oxgHyaCU9yYXvcLsvoVaHJq/s5xXI6/XXP6tz7R9xAOtHnSO/tXtF3WRTlA=="],

    "obug": ["obug@2.1.4", "", {}, "sha512-4a+OsYv9UktOJKE+l1A4OufDgdRF9PifWj+tJnHURo/P+WOxpG4GzUFL9qCalmWauao6ogiG+QvnCovwPoyAWA=="],

    "openapi-types": ["openapi-types@12.1.3", "", {}, "sha512-N4YtSYJqghVu4iek2ZUvcN/0aqH1kRDuNqzcycDxhOUpg7GdvLa2F3DgS6yBNhInhv2r/6I0Flkn7CqL8+nIcw=="],

    "picocolors": ["picocolors@1.1.1", "", {}, "sha512-xceH2snhtb5M9liqDsmEw56le376mTZkEX/jEb/RxNFyegNul7eNslCXP9FDj/Lcu0X8KEyMceP2ntpaHrDEVA=="],

    "picomatch": ["picomatch@4.0.5", "", {}, "sha512-RvwwcruNjI1ncT5xRakeyS9Lf8lcItv34KD+aif+VH9kduAyfYBipGh12274xtenIPZ119/R9BdTBa8gAwSh0A=="],

    "pretty-format": ["pretty-format@27.5.1", "", { "dependencies": { "ansi-regex": "^5.0.1", "ansi-styles": "^5.0.0", "react-is": "^17.0.1" } }, "sha512-Qb1gy5OrP5+zDf2Bvnzdl3jsTf1qXVMazbvCoKhtKqVs4/YK4ozX4gKQJJVyNe+cajNPn0KoC0MC3FUmaHWEmQ=="],

    "quansync": ["quansync@1.0.0", "", {}, "sha512-5xZacEEufv3HSTPQuchrvV6soaiACMFnq1H8wkVioctoH3TRha9Sz66lOxRwPK/qZj7HPiSveih9yAyh98gvqA=="],

    "react": ["react@19.2.8", "", {}, "sha512-PWaYA1L/q9u2u7xYQi+Y3L3Yfnie7XyLeaJICV1MGD6LprsBxcAqGjYyr0eY3p+QdsA+x/Irkt4Qif8D63+Sbw=="],

    "react-dom": ["react-dom@19.2.8", "", { "dependencies": { "scheduler": "^0.27.0" }, "peerDependencies": { "react": "^19.2.8" } }, "sha512-rVprimfGBG3DR+Tq0IQG2DT5PxKth1WIGDmj5yPmlzr4YBe7uyE+Du4oVqTDXZSHGGGXRtTJEGSSePyQCMBglQ=="],

    "react-is": ["react-is@17.0.2", "", {}, "sha512-w2GsyukL62IJnlaff/nRegPQR94C/XXamvMWmSHRJ4y7Ts/4ocGRmTHvOs8PSE6pB3dWOrD/nueuU5sduBsQ4w=="],

    "resolve-pkg-maps": ["resolve-pkg-maps@1.0.0", "", {}, "sha512-seS2Tj26TBVOC2NIc2rOe2y2ZO7efxITtLZcGSOnHHNOQ7CkiUBfw0Iw2ck6xkIhPwLhKNLS8BO+hEpngQlqzw=="],

    "rolldown": ["rolldown@1.2.4", "", { "dependencies": { "@oxc-project/types": "=0.144.0", "@rolldown/pluginutils": "^1.0.0" }, "optionalDependencies": { "@rolldown/binding-android-arm64": "1.2.4", "@rolldown/binding-darwin-arm64": "1.2.4", "@rolldown/binding-darwin-x64": "1.2.4", "@rolldown/binding-freebsd-x64": "1.2.4", "@rolldown/binding-linux-arm-gnueabihf": "1.2.4", "@rolldown/binding-linux-arm64-gnu": "1.2.4", "@rolldown/binding-linux-arm64-musl": "1.2.4", "@rolldown/binding-linux-ppc64-gnu": "1.2.4", "@rolldown/binding-linux-s390x-gnu": "1.2.4", "@rolldown/binding-linux-x64-gnu": "1.2.4", "@rolldown/binding-linux-x64-musl": "1.2.4", "@rolldown/binding-openharmony-arm64": "1.2.4", "@rolldown/binding-win32-arm64-msvc": "1.2.4", "@rolldown/binding-win32-x64-msvc": "1.2.4" }, "bin": { "rolldown": "./bin/cli.mjs" } }, "sha512-rSr7irW0K7QRWzjdJXqZowkcRdDtjRduh43rBltnVKd0VFq839l1lJoDvGJb6gl7+4rTTCrPWu+YfujUL8Ug7w=="],

    "rolldown-plugin-dts": ["rolldown-plugin-dts@0.27.14", "", { "dependencies": { "dts-resolver": "^3.0.0", "get-tsconfig": "5.0.0-beta.5", "obug": "^2.1.4", "yuku-ast": "^0.8.0", "yuku-codegen": "^0.8.0", "yuku-parser": "^0.8.0" }, "peerDependencies": { "@typescript/native-preview": "*", "@volar/typescript": "~2.4.0", "rolldown": "^1.0.0", "typescript": "^5.0.0 || ^6.0.0 || ~7.0.0", "vue-tsc": "~3.2.0 || ~3.3.0" }, "optionalPeers": ["@typescript/native-preview", "@volar/typescript", "typescript", "vue-tsc"] }, "sha512-ZvuDDwoIpRK9RPxDXratCpklFO9QZZWndf/sd0VBFb4LEj0jj07UcHK9OCh7V4XiFz2Z89ziyBC2K6tJiDjrbw=="],

    "scheduler": ["scheduler@0.27.0", "", {}, "sha512-eNv+WrVbKu1f3vbYJT/xtiF5syA5HPIMtf9IgY/nKg0sWqzAUEvqY/xm7OcZc/qafLx/iO9FgOmeSAp4v5ti/Q=="],

    "seroval": ["seroval@1.6.2", "", {}, "sha512-mPT+SD2TrlB6wvte1KkYOYUkubaTbd6pZ/6Kk3C9nxzrHmCZyhxOO7XGAeL7f+yLKZglzGtM9odUVvg/EhO+vQ=="],

    "seroval-plugins": ["seroval-plugins@1.6.2", "", { "peerDependencies": { "seroval": "^1.0" } }, "sha512-TfxuUjlbBESzUOWdTkTKqvSmav0ABym+itetDXLK6mDz8SmrpdI30aF8RTXE8Bvq+tH/1yIDkvy3W0lfQb1ipQ=="],

    "strtok3": ["strtok3@10.3.5", "", { "dependencies": { "@tokenizer/token": "^0.3.0" } }, "sha512-ki4hZQfh5rX0QDLLkOCj+h+CVNkqmp/CMf8v8kZpkNVK6jGQooMytqzLZYUVYIZcFZ6yDB70EfD8POcFXiF5oA=="],

    "tinyexec": ["tinyexec@1.3.0", "", {}, "sha512-QKAl9m8gWWGHV8jZcPeym6j+XULi6tOf1mT83WYJ4Lk2ytW/uwAWkrP0uFsdoYMdueVJ0qs26wZ+23xeB4ibNQ=="],

    "tinyglobby": ["tinyglobby@0.2.17", "", { "dependencies": { "fdir": "^6.5.0", "picomatch": "^4.0.4" } }, "sha512-wXR/dYpcqKmfWpEdZjiKJOwCNFndD0DMnrW/cYjVGttEkBfVgcLFHoNrlj47mjOVic9yyNu65alsgF4NQyTa2g=="],

    "token-types": ["token-types@6.1.2", "", { "dependencies": { "@borewit/text-codec": "^0.2.1", "@tokenizer/token": "^0.3.0", "ieee754": "^1.2.1" } }, "sha512-dRXchy+C0IgK8WPC6xvCHFRIWYUbqqdEIKPaKo/AcTUNzwLTK6AH7RjdLWsEZcAN/TBdtfUw3PYEgPr5VPr6ww=="],

    "tree-kill": ["tree-kill@1.2.2", "", { "bin": { "tree-kill": "cli.js" } }, "sha512-L0Orpi8qGpRG//Nd+H90vFB+3iHnue1zSSGmNOOCh1GLJ7rUKVwV2HvijphGQS2UmhUZewS9VgvxYIdgr+fG1A=="],

    "tsdown": ["tsdown@0.22.14", "", { "dependencies": { "ansis": "^4.3.1", "cac": "^7.0.0", "defu": "^6.1.7", "empathic": "^2.0.1", "hookable": "^6.1.1", "import-without-cache": "^0.4.0", "obug": "^2.1.4", "picomatch": "^4.0.5", "rolldown": "~1.2.0", "rolldown-plugin-dts": "^0.27.13", "tinyexec": "^1.2.4", "tinyglobby": "^0.2.17", "tree-kill": "^1.2.2", "unconfig-core": "^7.5.0", "verkit": "^0.3.0" }, "peerDependencies": { "@arethetypeswrong/core": "^0.18.1", "@tsdown/css": "0.22.14", "@tsdown/exe": "0.22.14", "@vitejs/devtools": "*", "publint": "^0.3.8", "tsx": "*", "typescript": "^5.0.0 || ^6.0.0 || ^7.0.0", "unplugin-unused": "^0.5.0", "unrun": "*" }, "optionalPeers": ["@arethetypeswrong/core", "@tsdown/css", "@tsdown/exe", "@vitejs/devtools", "publint", "tsx", "typescript", "unplugin-unused", "unrun"], "bin": { "tsdown": "./dist/run.mjs" } }, "sha512-ule7Y+fsAN2iZbLDoo7C4KYljFJNJJ+fLshyn+9gozeTspVersWHxwdGB+Dm2hzA38s6muFnUTl0jK3vJm9ifQ=="],

    "typescript": ["typescript@5.9.2", "", { "bin": { "tsc": "bin/tsc", "tsserver": "bin/tsserver" } }, "sha512-CWBzXQrc/qOkhidw1OzBTQuYRbfyxDXJMVJ1XNwUHGROVmuaeiEm3OslpZ1RV96d7SKKjZKrSJu3+t/xlw3R9A=="],

    "uint8array-extras": ["uint8array-extras@1.5.0", "", {}, "sha512-rvKSBiC5zqCCiDZ9kAOszZcDvdAHwwIKJG33Ykj43OKcWsnmcBRL09YTU4nOeHZ8Y2a7l1MgTd08SBe9A8Qj6A=="],

    "unconfig-core": ["unconfig-core@7.5.0", "", { "dependencies": { "@quansync/fs": "^1.0.0", "quansync": "^1.0.0" } }, "sha512-Su3FauozOGP44ZmKdHy2oE6LPjk51M/TRRjHv2HNCWiDvfvCoxC2lno6jevMA91MYAdCdwP05QnWdWpSbncX/w=="],

    "undici-types": ["undici-types@8.3.0", "", {}, "sha512-j375ScV60dom+YkPFIfTLcOiPxkN/buHz5GobjLhixFuANaNs3C9l4GmrWqejgXWJ7BbJcFYpTEUkS1Ge8bpZQ=="],

    "use-sync-external-store": ["use-sync-external-store@1.6.0", "", { "peerDependencies": { "react": "^16.8.0 || ^17.0.0 || ^18.0.0 || ^19.0.0" } }, "sha512-Pp6GSwGP/NrPIrxVFAIkOQeyw8lFenOHijQWkUTrDvrF4ALqylP2C/KCkeS9dpUM3KvYRQhna5vt7IL95+ZQ9w=="],

    "verkit": ["verkit@0.3.2", "", {}, "sha512-zj/ob3UsvJGN0whEAKFp53REA5X66hvffVqoCtVQAakJKnKlH+/PcOfMoFwIG/o4rElqLv/ycAFlx8ZlXUorCg=="],

    "whatwg-mimetype": ["whatwg-mimetype@3.0.0", "", {}, "sha512-nt+N2dzIutVRxARx1nghPKGv1xHikU7HKdfafKkLNLindmPU/ch3U31NOCGGA/dmPcmb1VlofO0vnKAcsm0o/Q=="],

    "ws": ["ws@8.21.3", "", { "peerDependencies": { "bufferutil": "^4.0.1", "utf-8-validate": ">=5.0.2" }, "optionalPeers": ["bufferutil", "utf-8-validate"] }, "sha512-201TZ/kPWxoPr/OKWjquZR1SWKXcvxdH+e1xrx89b3YbmzLMFCLfnaG1HFIgWzJOEWZ7MvpK++odZufgYR50Rw=="],

    "yuku-ast": ["yuku-ast@0.8.5", "", { "dependencies": { "@yuku-toolchain/types": "^0.8.5" } }, "sha512-Ez2CI2BnPK/if0tVI7jB9UUDSNibcChjJDEPEKuWPJNRkbvzSoAQrSqpKtdzl8qTPp4ftVb87f/jx5HIKOieQw=="],

    "yuku-codegen": ["yuku-codegen@0.8.5", "", { "dependencies": { "@yuku-toolchain/types": "^0.8.5" }, "optionalDependencies": { "@yuku-codegen/binding-android-arm64": "0.8.5", "@yuku-codegen/binding-darwin-arm64": "0.8.5", "@yuku-codegen/binding-darwin-x64": "0.8.5", "@yuku-codegen/binding-freebsd-x64": "0.8.5", "@yuku-codegen/binding-linux-arm-gnu": "0.8.5", "@yuku-codegen/binding-linux-arm-musl": "0.8.5", "@yuku-codegen/binding-linux-arm64-gnu": "0.8.5", "@yuku-codegen/binding-linux-arm64-musl": "0.8.5", "@yuku-codegen/binding-linux-x64-gnu": "0.8.5", "@yuku-codegen/binding-linux-x64-musl": "0.8.5", "@yuku-codegen/binding-win32-arm64": "0.8.5", "@yuku-codegen/binding-win32-x64": "0.8.5" } }, "sha512-+vhgTZyRxyl8eqjvt/6SfTpMW6Jn4+WYd1v7uJqfFFZja21HRsF3s9o3yhexdO3u5EnOm164b3gPv2llQQf6HA=="],

    "yuku-parser": ["yuku-parser@0.8.5", "", { "dependencies": { "@yuku-toolchain/types": "^0.8.5", "yuku-ast": "^0.8.5" }, "optionalDependencies": { "@yuku-parser/binding-android-arm64": "0.8.5", "@yuku-parser/binding-darwin-arm64": "0.8.5", "@yuku-parser/binding-darwin-x64": "0.8.5", "@yuku-parser/binding-freebsd-x64": "0.8.5", "@yuku-parser/binding-linux-arm-gnu": "0.8.5", "@yuku-parser/binding-linux-arm-musl": "0.8.5", "@yuku-parser/binding-linux-arm64-gnu": "0.8.5", "@yuku-parser/binding-linux-arm64-musl": "0.8.5", "@yuku-parser/binding-linux-x64-gnu": "0.8.5", "@yuku-parser/binding-linux-x64-musl": "0.8.5", "@yuku-parser/binding-win32-arm64": "0.8.5", "@yuku-parser/binding-win32-x64": "0.8.5" } }, "sha512-t843J9IdYYpcDaW7o3aDPXpTM72FsvkIDYEHtigyGFCvC3EhiIaSGM5WVNZl3lxTv1Dfis6IW3S/yBsBIaCiWw=="],
  }
}
